
Microsoft Visual Studio Solution File, Format Version 12.00
# Visual Studio Version 17
VisualStudioVersion = 17.8.34330.188
MinimumVisualStudioVersion = 10.0.40219.1
Project("{FAE04EC0-301F-11D3-BF4B-00C04F79EFBC}") = "EjemploDateTime", "EjemploDateTime\EjemploDateTime.csproj", "{DB65D6F8-1839-4226-A842-9D08DB85CEB8}"
EndProject
Project("{FAE04EC0-301F-11D3-BF4B-00C04F79EFBC}") = "ejemploDateTimeWinForms", "ejemploDateTimeWinForms\ejemploDateTimeWinForms.csproj", "{2E729502-8C86-4F94-9326-C2919E0F2FDE}"
EndProject
Global
	GlobalSection(SolutionConfigurationPlatforms) = preSolution
		Debug|Any CPU = Debug|Any CPU
		Release|Any CPU = Release|Any CPU
	EndGlobalSection
	GlobalSection(ProjectConfigurationPlatforms) = postSolution
		{DB65D6F8-1839-4226-A842-9D08DB85CEB8}.Debug|Any CPU.ActiveCfg = Debug|Any CPU
		{DB65D6F8-1839-4226-A842-9D08DB85CEB8}.Debug|Any CPU.Build.0 = Debug|Any CPU
		{DB65D6F8-1839-4226-A842-9D08DB85CEB8}.Release|Any CPU.ActiveCfg = Release|Any CPU
		{DB65D6F8-1839-4226-A842-9D08DB85CEB8}.Release|Any CPU.Build.0 = Release|Any CPU
		{2E729502-8C86-4F94-9326-C2919E0F2FDE}.Debug|Any CPU.ActiveCfg = Debug|Any CPU
		{2E729502-8C86-4F94-9326-C2919E0F2FDE}.Debug|Any CPU.Build.0 = Debug|Any CPU
		{2E729502-8C86-4F94-9326-C2919E0F2FDE}.Release|Any CPU.ActiveCfg = Release|Any CPU
		{2E729502-8C86-4F94-9326-C2919E0F2FDE}.Release|Any CPU.Build.0 = Release|Any CPU
	EndGlobalSection
	GlobalSection(SolutionProperties) = preSolution
		HideSolutionNode = FALSE
	EndGlobalSection
	GlobalSection(ExtensibilityGlobals) = postSolution
		SolutionGuid = {74C0126D-6EAA-4AB3-8676-814D543E499E}
	EndGlobalSection
EndGlobal
