
Microsoft Visual Studio Solution File, Format Version 12.00
# Visual Studio Version 17
VisualStudioVersion = 17.8.34330.188
MinimumVisualStudioVersion = 10.0.40219.1
Project("{FAE04EC0-301F-11D3-BF4B-00C04F79EFBC}") = "Mi-Proyecto", "Mi-Proyecto\Mi-Proyecto.csproj", "{115D14B0-763E-4C5D-B04E-2B3779C9E2D5}"
EndProject
Global
	GlobalSection(SolutionConfigurationPlatforms) = preSolution
		Debug|Any CPU = Debug|Any CPU
		Release|Any CPU = Release|Any CPU
	EndGlobalSection
	GlobalSection(ProjectConfigurationPlatforms) = postSolution
		{115D14B0-763E-4C5D-B04E-2B3779C9E2D5}.Debug|Any CPU.ActiveCfg = Debug|Any CPU
		{115D14B0-763E-4C5D-B04E-2B3779C9E2D5}.Debug|Any CPU.Build.0 = Debug|Any CPU
		{115D14B0-763E-4C5D-B04E-2B3779C9E2D5}.Release|Any CPU.ActiveCfg = Release|Any CPU
		{115D14B0-763E-4C5D-B04E-2B3779C9E2D5}.Release|Any CPU.Build.0 = Release|Any CPU
	EndGlobalSection
	GlobalSection(SolutionProperties) = preSolution
		HideSolutionNode = FALSE
	EndGlobalSection
	GlobalSection(ExtensibilityGlobals) = postSolution
		SolutionGuid = {51F92AF4-FBAB-4CF5-9FC1-F5D7099AB3E4}
	EndGlobalSection
EndGlobal
